// !$*UTF8*$!
{
	archiveVersion = 1;
	classes = {
	};
	objectVersion = 56;
	objects = {

/* Begin PBXBuildFile section */
		632B35042A3CA4620064A72E /* CLTOutputFileOptions.swift in Sources */ = {isa = PBXBuildFile; fileRef = 632B35032A3CA4620064A72E /* CLTOutputFileOptions.swift */; };
		632B35062A3D12340064A72E /* TextType.swift in Sources */ = {isa = PBXBuildFile; fileRef = 632B35052A3D12340064A72E /* TextType.swift */; };
		632B35082A3D2DF40064A72E /* AVFormat.swift in Sources */ = {isa = PBXBuildFile; fileRef = 632B35072A3D2DF40064A72E /* AVFormat.swift */; };
		636EC0442A3819A4008E0AD9 /* ArgumentParser in Frameworks */ = {isa = PBXBuildFile; productRef = 636EC0432A3819A4008E0AD9 /* ArgumentParser */; };
		636EC0482A3C8045008E0AD9 /* CLTInputFileOptions.swift in Sources */ = {isa = PBXBuildFile; fileRef = 636EC0472A3C8045008E0AD9 /* CLTInputFileOptions.swift */; };
		636F8FC92A372C9600EE709E /* Wateco.swift in Sources */ = {isa = PBXBuildFile; fileRef = 636F8FC82A372C9600EE709E /* Wateco.swift */; };
		63DCB7FB2A3F53FA005F68AF /* PCMFormat.swift in Sources */ = {isa = PBXBuildFile; fileRef = 63DCB7FA2A3F53FA005F68AF /* PCMFormat.swift */; };
/* End PBXBuildFile section */

/* Begin PBXCopyFilesBuildPhase section */
		636F8FC32A372C9600EE709E /* CopyFiles */ = {
			isa = PBXCopyFilesBuildPhase;
			buildActionMask = 2147483647;
			dstPath = /usr/share/man/man1/;
			dstSubfolderSpec = 0;
			files = (
			);
			runOnlyForDeploymentPostprocessing = 1;
		};
/* End PBXCopyFilesBuildPhase section */

/* Begin PBXFileReference section */
		632B35032A3CA4620064A72E /* CLTOutputFileOptions.swift */ = {isa = PBXFileReference; lastKnownFileType = sourcecode.swift; path = CLTOutputFileOptions.swift; sourceTree = "<group>"; };
		632B35052A3D12340064A72E /* TextType.swift */ = {isa = PBXFileReference; lastKnownFileType = sourcecode.swift; path = TextType.swift; sourceTree = "<group>"; };
		632B35072A3D2DF40064A72E /* AVFormat.swift */ = {isa = PBXFileReference; lastKnownFileType = sourcecode.swift; path = AVFormat.swift; sourceTree = "<group>"; };
		6339ABB92AD39E7A00CA6A6D /* README.md */ = {isa = PBXFileReference; lastKnownFileType = net.daringfireball.markdown; path = README.md; sourceTree = "<group>"; };
		636EC0472A3C8045008E0AD9 /* CLTInputFileOptions.swift */ = {isa = PBXFileReference; lastKnownFileType = sourcecode.swift; path = CLTInputFileOptions.swift; sourceTree = "<group>"; };
		636F8FC52A372C9600EE709E /* wateco */ = {isa = PBXFileReference; explicitFileType = "compiled.mach-o.executable"; includeInIndex = 0; path = wateco; sourceTree = BUILT_PRODUCTS_DIR; };
		636F8FC82A372C9600EE709E /* Wateco.swift */ = {isa = PBXFileReference; lastKnownFileType = sourcecode.swift; path = Wateco.swift; sourceTree = "<group>"; };
		63DCB7FA2A3F53FA005F68AF /* PCMFormat.swift */ = {isa = PBXFileReference; lastKnownFileType = sourcecode.swift; path = PCMFormat.swift; sourceTree = "<group>"; };
/* End PBXFileReference section */

/* Begin PBXFrameworksBuildPhase section */
		636F8FC22A372C9600EE709E /* Frameworks */ = {
			isa = PBXFrameworksBuildPhase;
			buildActionMask = 2147483647;
			files = (
				636EC0442A3819A4008E0AD9 /* ArgumentParser in Frameworks */,
			);
			runOnlyForDeploymentPostprocessing = 0;
		};
/* End PBXFrameworksBuildPhase section */

/* Begin PBXGroup section */
		636EC0422A3819A4008E0AD9 /* Frameworks */ = {
			isa = PBXGroup;
			children = (
			);
			name = Frameworks;
			sourceTree = "<group>";
		};
		636F8FBC2A372C9600EE709E = {
			isa = PBXGroup;
			children = (
				6339ABB92AD39E7A00CA6A6D /* README.md */,
				636F8FC72A372C9600EE709E /* WaveTextConverter */,
				636F8FC62A372C9600EE709E /* Products */,
				636EC0422A3819A4008E0AD9 /* Frameworks */,
			);
			sourceTree = "<group>";
		};
		636F8FC62A372C9600EE709E /* Products */ = {
			isa = PBXGroup;
			children = (
				636F8FC52A372C9600EE709E /* wateco */,
			);
			name = Products;
			sourceTree = "<group>";
		};
		636F8FC72A372C9600EE709E /* WaveTextConverter */ = {
			isa = PBXGroup;
			children = (
				636F8FC82A372C9600EE709E /* Wateco.swift */,
				63DCB7FA2A3F53FA005F68AF /* PCMFormat.swift */,
				632B35052A3D12340064A72E /* TextType.swift */,
				632B35072A3D2DF40064A72E /* AVFormat.swift */,
				636EC0472A3C8045008E0AD9 /* CLTInputFileOptions.swift */,
				632B35032A3CA4620064A72E /* CLTOutputFileOptions.swift */,
			);
			path = WaveTextConverter;
			sourceTree = "<group>";
		};
/* End PBXGroup section */

/* Begin PBXNativeTarget section */
		636F8FC42A372C9600EE709E /* wateco */ = {
			isa = PBXNativeTarget;
			buildConfigurationList = 636F8FCC2A372C9600EE709E /* Build configuration list for PBXNativeTarget "wateco" */;
			buildPhases = (
				636F8FC12A372C9600EE709E /* Sources */,
				636F8FC22A372C9600EE709E /* Frameworks */,
				636F8FC32A372C9600EE709E /* CopyFiles */,
			);
			buildRules = (
			);
			dependencies = (
			);
			name = wateco;
			packageProductDependencies = (
				636EC0432A3819A4008E0AD9 /* ArgumentParser */,
			);
			productName = WaveTextConverter;
			productReference = 636F8FC52A372C9600EE709E /* wateco */;
			productType = "com.apple.product-type.tool";
		};
/* End PBXNativeTarget section */

/* Begin PBXProject section */
		636F8FBD2A372C9600EE709E /* Project object */ = {
			isa = PBXProject;
			attributes = {
				BuildIndependentTargetsInParallel = 1;
				LastSwiftUpdateCheck = 1430;
				LastUpgradeCheck = 1500;
				TargetAttributes = {
					636F8FC42A372C9600EE709E = {
						CreatedOnToolsVersion = 14.3.1;
					};
				};
			};
			buildConfigurationList = 636F8FC02A372C9600EE709E /* Build configuration list for PBXProject "WaveTextConverter" */;
			compatibilityVersion = "Xcode 14.0";
			developmentRegion = en;
			hasScannedForEncodings = 0;
			knownRegions = (
				en,
				Base,
			);
			mainGroup = 636F8FBC2A372C9600EE709E;
			packageReferences = (
				636EC0412A381997008E0AD9 /* XCRemoteSwiftPackageReference "swift-argument-parser" */,
			);
			productRefGroup = 636F8FC62A372C9600EE709E /* Products */;
			projectDirPath = "";
			projectRoot = "";
			targets = (
				636F8FC42A372C9600EE709E /* wateco */,
			);
		};
/* End PBXProject section */

/* Begin PBXSourcesBuildPhase section */
		636F8FC12A372C9600EE709E /* Sources */ = {
			isa = PBXSourcesBuildPhase;
			buildActionMask = 2147483647;
			files = (
				632B35062A3D12340064A72E /* TextType.swift in Sources */,
				63DCB7FB2A3F53FA005F68AF /* PCMFormat.swift in Sources */,
				636EC0482A3C8045008E0AD9 /* CLTInputFileOptions.swift in Sources */,
				632B35042A3CA4620064A72E /* CLTOutputFileOptions.swift in Sources */,
				636F8FC92A372C9600EE709E /* Wateco.swift in Sources */,
				632B35082A3D2DF40064A72E /* AVFormat.swift in Sources */,
			);
			runOnlyForDeploymentPostprocessing = 0;
		};
/* End PBXSourcesBuildPhase section */

/* Begin XCBuildConfiguration section */
		636F8FCA2A372C9600EE709E /* Debug */ = {
			isa = XCBuildConfiguration;
			buildSettings = {
				ALWAYS_SEARCH_USER_PATHS = NO;
				CLANG_ANALYZER_NONNULL = YES;
				CLANG_ANALYZER_NUMBER_OBJECT_CONVERSION = YES_AGGRESSIVE;
				CLANG_CXX_LANGUAGE_STANDARD = "gnu++20";
				CLANG_ENABLE_MODULES = YES;
				CLANG_ENABLE_OBJC_ARC = YES;
				CLANG_ENABLE_OBJC_WEAK = YES;
				CLANG_WARN_BLOCK_CAPTURE_AUTORELEASING = YES;
				CLANG_WARN_BOOL_CONVERSION = YES;
				CLANG_WARN_COMMA = YES;
				CLANG_WARN_CONSTANT_CONVERSION = YES;
				CLANG_WARN_DEPRECATED_OBJC_IMPLEMENTATIONS = YES;
				CLANG_WARN_DIRECT_OBJC_ISA_USAGE = YES_ERROR;
				CLANG_WARN_DOCUMENTATION_COMMENTS = YES;
				CLANG_WARN_EMPTY_BODY = YES;
				CLANG_WARN_ENUM_CONVERSION = YES;
				CLANG_WARN_INFINITE_RECURSION = YES;
				CLANG_WARN_INT_CONVERSION = YES;
				CLANG_WARN_NON_LITERAL_NULL_CONVERSION = YES;
				CLANG_WARN_OBJC_IMPLICIT_RETAIN_SELF = YES;
				CLANG_WARN_OBJC_LITERAL_CONVERSION = YES;
				CLANG_WARN_OBJC_ROOT_CLASS = YES_ERROR;
				CLANG_WARN_QUOTED_INCLUDE_IN_FRAMEWORK_HEADER = YES;
				CLANG_WARN_RANGE_LOOP_ANALYSIS = YES;
				CLANG_WARN_STRICT_PROTOTYPES = YES;
				CLANG_WARN_SUSPICIOUS_MOVE = YES;
				CLANG_WARN_UNGUARDED_AVAILABILITY = YES_AGGRESSIVE;
				CLANG_WARN_UNREACHABLE_CODE = YES;
				CLANG_WARN__DUPLICATE_METHOD_MATCH = YES;
				COPY_PHASE_STRIP = NO;
				DEAD_CODE_STRIPPING = YES;
				DEBUG_INFORMATION_FORMAT = dwarf;
				ENABLE_STRICT_OBJC_MSGSEND = YES;
				ENABLE_TESTABILITY = YES;
				ENABLE_USER_SCRIPT_SANDBOXING = YES;
				GCC_C_LANGUAGE_STANDARD = gnu11;
				GCC_DYNAMIC_NO_PIC = NO;
				GCC_NO_COMMON_BLOCKS = YES;
				GCC_OPTIMIZATION_LEVEL = 0;
				GCC_PREPROCESSOR_DEFINITIONS = (
					"DEBUG=1",
					"$(inherited)",
				);
				GCC_WARN_64_TO_32_BIT_CONVERSION = YES;
				GCC_WARN_ABOUT_RETURN_TYPE = YES_ERROR;
				GCC_WARN_UNDECLARED_SELECTOR = YES;
				GCC_WARN_UNINITIALIZED_AUTOS = YES_AGGRESSIVE;
				GCC_WARN_UNUSED_FUNCTION = YES;
				GCC_WARN_UNUSED_VARIABLE = YES;
				MACOSX_DEPLOYMENT_TARGET = 10.13;
				MTL_ENABLE_DEBUG_INFO = INCLUDE_SOURCE;
				MTL_FAST_MATH = YES;
				ONLY_ACTIVE_ARCH = YES;
				SDKROOT = macosx;
				SWIFT_ACTIVE_COMPILATION_CONDITIONS = DEBUG;
				SWIFT_OPTIMIZATION_LEVEL = "-Onone";
			};
			name = Debug;
		};
		636F8FCB2A372C9600EE709E /* Release */ = {
			isa = XCBuildConfiguration;
			buildSettings = {
				ALWAYS_SEARCH_USER_PATHS = NO;
				CLANG_ANALYZER_NONNULL = YES;
				CLANG_ANALYZER_NUMBER_OBJECT_CONVERSION = YES_AGGRESSIVE;
				CLANG_CXX_LANGUAGE_STANDARD = "gnu++20";
				CLANG_ENABLE_MODULES = YES;
				CLANG_ENABLE_OBJC_ARC = YES;
				CLANG_ENABLE_OBJC_WEAK = YES;
				CLANG_WARN_BLOCK_CAPTURE_AUTORELEASING = YES;
				CLANG_WARN_BOOL_CONVERSION = YES;
				CLANG_WARN_COMMA = YES;
				CLANG_WARN_CONSTANT_CONVERSION = YES;
				CLANG_WARN_DEPRECATED_OBJC_IMPLEMENTATIONS = YES;
				CLANG_WARN_DIRECT_OBJC_ISA_USAGE = YES_ERROR;
				CLANG_WARN_DOCUMENTATION_COMMENTS = YES;
				CLANG_WARN_EMPTY_BODY = YES;
				CLANG_WARN_ENUM_CONVERSION = YES;
				CLANG_WARN_INFINITE_RECURSION = YES;
				CLANG_WARN_INT_CONVERSION = YES;
				CLANG_WARN_NON_LITERAL_NULL_CONVERSION = YES;
				CLANG_WARN_OBJC_IMPLICIT_RETAIN_SELF = YES;
				CLANG_WARN_OBJC_LITERAL_CONVERSION = YES;
				CLANG_WARN_OBJC_ROOT_CLASS = YES_ERROR;
				CLANG_WARN_QUOTED_INCLUDE_IN_FRAMEWORK_HEADER = YES;
				CLANG_WARN_RANGE_LOOP_ANALYSIS = YES;
				CLANG_WARN_STRICT_PROTOTYPES = YES;
				CLANG_WARN_SUSPICIOUS_MOVE = YES;
				CLANG_WARN_UNGUARDED_AVAILABILITY = YES_AGGRESSIVE;
				CLANG_WARN_UNREACHABLE_CODE = YES;
				CLANG_WARN__DUPLICATE_METHOD_MATCH = YES;
				COPY_PHASE_STRIP = NO;
				DEAD_CODE_STRIPPING = YES;
				DEBUG_INFORMATION_FORMAT = "dwarf-with-dsym";
				ENABLE_NS_ASSERTIONS = NO;
				ENABLE_STRICT_OBJC_MSGSEND = YES;
				ENABLE_USER_SCRIPT_SANDBOXING = YES;
				GCC_C_LANGUAGE_STANDARD = gnu11;
				GCC_NO_COMMON_BLOCKS = YES;
				GCC_WARN_64_TO_32_BIT_CONVERSION = YES;
				GCC_WARN_ABOUT_RETURN_TYPE = YES_ERROR;
				GCC_WARN_UNDECLARED_SELECTOR = YES;
				GCC_WARN_UNINITIALIZED_AUTOS = YES_AGGRESSIVE;
				GCC_WARN_UNUSED_FUNCTION = YES;
				GCC_WARN_UNUSED_VARIABLE = YES;
				MACOSX_DEPLOYMENT_TARGET = 10.13;
				MTL_ENABLE_DEBUG_INFO = NO;
				MTL_FAST_MATH = YES;
				SDKROOT = macosx;
				SWIFT_COMPILATION_MODE = wholemodule;
				SWIFT_OPTIMIZATION_LEVEL = "-O";
			};
			name = Release;
		};
		636F8FCD2A372C9600EE709E /* Debug */ = {
			isa = XCBuildConfiguration;
			buildSettings = {
				"CODE_SIGN_IDENTITY[sdk=macosx*]" = "Apple Development";
				CODE_SIGN_STYLE = Automatic;
				DEAD_CODE_STRIPPING = YES;
				DEVELOPMENT_TEAM = 92ACM6N963;
				ENABLE_HARDENED_RUNTIME = YES;
				PRODUCT_BUNDLE_IDENTIFIER = info.lattenote.wateco;
				PRODUCT_NAME = "$(TARGET_NAME)";
				SWIFT_VERSION = 5.0;
			};
			name = Debug;
		};
		636F8FCE2A372C9600EE709E /* Release */ = {
			isa = XCBuildConfiguration;
			buildSettings = {
				"CODE_SIGN_IDENTITY[sdk=macosx*]" = "Apple Development";
				CODE_SIGN_STYLE = Automatic;
				DEAD_CODE_STRIPPING = YES;
				DEVELOPMENT_TEAM = 92ACM6N963;
				ENABLE_HARDENED_RUNTIME = YES;
				PRODUCT_BUNDLE_IDENTIFIER = info.lattenote.wateco;
				PRODUCT_NAME = "$(TARGET_NAME)";
				SWIFT_VERSION = 5.0;
			};
			name = Release;
		};
/* End XCBuildConfiguration section */

/* Begin XCConfigurationList section */
		636F8FC02A372C9600EE709E /* Build configuration list for PBXProject "WaveTextConverter" */ = {
			isa = XCConfigurationList;
			buildConfigurations = (
				636F8FCA2A372C9600EE709E /* Debug */,
				636F8FCB2A372C9600EE709E /* Release */,
			);
			defaultConfigurationIsVisible = 0;
			defaultConfigurationName = Release;
		};
		636F8FCC2A372C9600EE709E /* Build configuration list for PBXNativeTarget "wateco" */ = {
			isa = XCConfigurationList;
			buildConfigurations = (
				636F8FCD2A372C9600EE709E /* Debug */,
				636F8FCE2A372C9600EE709E /* Release */,
			);
			defaultConfigurationIsVisible = 0;
			defaultConfigurationName = Release;
		};
/* End XCConfigurationList section */

/* Begin XCRemoteSwiftPackageReference section */
		636EC0412A381997008E0AD9 /* XCRemoteSwiftPackageReference "swift-argument-parser" */ = {
			isa = XCRemoteSwiftPackageReference;
			repositoryURL = "https://github.com/apple/swift-argument-parser.git";
			requirement = {
				kind = upToNextMajorVersion;
				minimumVersion = 1.0.0;
			};
		};
/* End XCRemoteSwiftPackageReference section */

/* Begin XCSwiftPackageProductDependency section */
		636EC0432A3819A4008E0AD9 /* ArgumentParser */ = {
			isa = XCSwiftPackageProductDependency;
			package = 636EC0412A381997008E0AD9 /* XCRemoteSwiftPackageReference "swift-argument-parser" */;
			productName = ArgumentParser;
		};
/* End XCSwiftPackageProductDependency section */
	};
	rootObject = 636F8FBD2A372C9600EE709E /* Project object */;
}
